
Microsoft Visual Studio Solution File, Format Version 12.00
# Visual Studio 15
VisualStudioVersion = 15.0.27703.2000
MinimumVisualStudioVersion = 10.0.40219.1
Project("{8BC9CEB8-8B4A-11D0-8D11-00A0C91BC942}") = "KiwiRenderer", "KiwiRenderer\KiwiRenderer.vcxproj", "{213810ED-E8CB-4040-A92D-D775B9BF80EA}"
EndProject
Project("{FAE04EC0-301F-11D3-BF4B-00C04F79EFBC}") = "UkagakaW_ElectronJs", "UkagakaW_ElectronJs\UkagakaW_ElectronJs.csproj", "{0D32B458-1CA7-48DA-96CF-982B201592D1}"
EndProject
Project("{FAE04EC0-301F-11D3-BF4B-00C04F79EFBC}") = "UkagakaW_WPF", "UkagakaW_WPF\UkagakaW_WPF.csproj", "{D6675E8E-822E-4676-B673-D127B8ED6F4F}"
EndProject
Project("{FAE04EC0-301F-11D3-BF4B-00C04F79EFBC}") = "UkagakaW", "UkagakaW\UkagakaW.csproj", "{B9608488-4435-4427-94FB-E7CF57868085}"
	ProjectSection(ProjectDependencies) = postProject
		{213810ED-E8CB-4040-A92D-D775B9BF80EA} = {213810ED-E8CB-4040-A92D-D775B9BF80EA}
	EndProjectSection
EndProject
Project("{8BC9CEB8-8B4A-11D0-8D11-00A0C91BC942}") = "KiwiRender_Test", "KiwiRender_Test\KiwiRender_Test.vcxproj", "{F942F2D5-C7D1-441B-B74E-C2E511049C7C}"
EndProject
Project("{8BC9CEB8-8B4A-11D0-8D11-00A0C91BC942}") = "DllTest", "DllTest\DllTest.vcxproj", "{5823302C-9D64-481F-9CF1-98913E8456B8}"
EndProject
Global
	GlobalSection(SolutionConfigurationPlatforms) = preSolution
		Debug|Any CPU = Debug|Any CPU
		Debug|x64 = Debug|x64
		Debug|x86 = Debug|x86
		Release|Any CPU = Release|Any CPU
		Release|x64 = Release|x64
		Release|x86 = Release|x86
	EndGlobalSection
	GlobalSection(ProjectConfigurationPlatforms) = postSolution
		{213810ED-E8CB-4040-A92D-D775B9BF80EA}.Debug|Any CPU.ActiveCfg = Debug|Win32
		{213810ED-E8CB-4040-A92D-D775B9BF80EA}.Debug|x64.ActiveCfg = Debug|x64
		{213810ED-E8CB-4040-A92D-D775B9BF80EA}.Debug|x64.Build.0 = Debug|x64
		{213810ED-E8CB-4040-A92D-D775B9BF80EA}.Debug|x86.ActiveCfg = Debug|Win32
		{213810ED-E8CB-4040-A92D-D775B9BF80EA}.Debug|x86.Build.0 = Debug|Win32
		{213810ED-E8CB-4040-A92D-D775B9BF80EA}.Release|Any CPU.ActiveCfg = Release|Win32
		{213810ED-E8CB-4040-A92D-D775B9BF80EA}.Release|x64.ActiveCfg = Release|x64
		{213810ED-E8CB-4040-A92D-D775B9BF80EA}.Release|x64.Build.0 = Release|x64
		{213810ED-E8CB-4040-A92D-D775B9BF80EA}.Release|x86.ActiveCfg = Release|Win32
		{213810ED-E8CB-4040-A92D-D775B9BF80EA}.Release|x86.Build.0 = Release|Win32
		{0D32B458-1CA7-48DA-96CF-982B201592D1}.Debug|Any CPU.ActiveCfg = Debug|Any CPU
		{0D32B458-1CA7-48DA-96CF-982B201592D1}.Debug|Any CPU.Build.0 = Debug|Any CPU
		{0D32B458-1CA7-48DA-96CF-982B201592D1}.Debug|x64.ActiveCfg = Debug|Any CPU
		{0D32B458-1CA7-48DA-96CF-982B201592D1}.Debug|x64.Build.0 = Debug|Any CPU
		{0D32B458-1CA7-48DA-96CF-982B201592D1}.Debug|x86.ActiveCfg = Debug|Any CPU
		{0D32B458-1CA7-48DA-96CF-982B201592D1}.Debug|x86.Build.0 = Debug|Any CPU
		{0D32B458-1CA7-48DA-96CF-982B201592D1}.Release|Any CPU.ActiveCfg = Release|Any CPU
		{0D32B458-1CA7-48DA-96CF-982B201592D1}.Release|Any CPU.Build.0 = Release|Any CPU
		{0D32B458-1CA7-48DA-96CF-982B201592D1}.Release|x64.ActiveCfg = Release|Any CPU
		{0D32B458-1CA7-48DA-96CF-982B201592D1}.Release|x64.Build.0 = Release|Any CPU
		{0D32B458-1CA7-48DA-96CF-982B201592D1}.Release|x86.ActiveCfg = Release|Any CPU
		{0D32B458-1CA7-48DA-96CF-982B201592D1}.Release|x86.Build.0 = Release|Any CPU
		{D6675E8E-822E-4676-B673-D127B8ED6F4F}.Debug|Any CPU.ActiveCfg = Debug|Any CPU
		{D6675E8E-822E-4676-B673-D127B8ED6F4F}.Debug|Any CPU.Build.0 = Debug|Any CPU
		{D6675E8E-822E-4676-B673-D127B8ED6F4F}.Debug|x64.ActiveCfg = Debug|Any CPU
		{D6675E8E-822E-4676-B673-D127B8ED6F4F}.Debug|x64.Build.0 = Debug|Any CPU
		{D6675E8E-822E-4676-B673-D127B8ED6F4F}.Debug|x86.ActiveCfg = Debug|Any CPU
		{D6675E8E-822E-4676-B673-D127B8ED6F4F}.Debug|x86.Build.0 = Debug|Any CPU
		{D6675E8E-822E-4676-B673-D127B8ED6F4F}.Release|Any CPU.ActiveCfg = Release|Any CPU
		{D6675E8E-822E-4676-B673-D127B8ED6F4F}.Release|Any CPU.Build.0 = Release|Any CPU
		{D6675E8E-822E-4676-B673-D127B8ED6F4F}.Release|x64.ActiveCfg = Release|Any CPU
		{D6675E8E-822E-4676-B673-D127B8ED6F4F}.Release|x64.Build.0 = Release|Any CPU
		{D6675E8E-822E-4676-B673-D127B8ED6F4F}.Release|x86.ActiveCfg = Release|Any CPU
		{D6675E8E-822E-4676-B673-D127B8ED6F4F}.Release|x86.Build.0 = Release|Any CPU
		{B9608488-4435-4427-94FB-E7CF57868085}.Debug|Any CPU.ActiveCfg = Debug|Any CPU
		{B9608488-4435-4427-94FB-E7CF57868085}.Debug|Any CPU.Build.0 = Debug|Any CPU
		{B9608488-4435-4427-94FB-E7CF57868085}.Debug|x64.ActiveCfg = Debug|Any CPU
		{B9608488-4435-4427-94FB-E7CF57868085}.Debug|x64.Build.0 = Debug|Any CPU
		{B9608488-4435-4427-94FB-E7CF57868085}.Debug|x86.ActiveCfg = Debug|Any CPU
		{B9608488-4435-4427-94FB-E7CF57868085}.Debug|x86.Build.0 = Debug|Any CPU
		{B9608488-4435-4427-94FB-E7CF57868085}.Release|Any CPU.ActiveCfg = Release|Any CPU
		{B9608488-4435-4427-94FB-E7CF57868085}.Release|Any CPU.Build.0 = Release|Any CPU
		{B9608488-4435-4427-94FB-E7CF57868085}.Release|x64.ActiveCfg = Release|Any CPU
		{B9608488-4435-4427-94FB-E7CF57868085}.Release|x64.Build.0 = Release|Any CPU
		{B9608488-4435-4427-94FB-E7CF57868085}.Release|x86.ActiveCfg = Release|Any CPU
		{B9608488-4435-4427-94FB-E7CF57868085}.Release|x86.Build.0 = Release|Any CPU
		{F942F2D5-C7D1-441B-B74E-C2E511049C7C}.Debug|Any CPU.ActiveCfg = Debug|Win32
		{F942F2D5-C7D1-441B-B74E-C2E511049C7C}.Debug|x64.ActiveCfg = Debug|x64
		{F942F2D5-C7D1-441B-B74E-C2E511049C7C}.Debug|x64.Build.0 = Debug|x64
		{F942F2D5-C7D1-441B-B74E-C2E511049C7C}.Debug|x86.ActiveCfg = Debug|Win32
		{F942F2D5-C7D1-441B-B74E-C2E511049C7C}.Debug|x86.Build.0 = Debug|Win32
		{F942F2D5-C7D1-441B-B74E-C2E511049C7C}.Release|Any CPU.ActiveCfg = Release|Win32
		{F942F2D5-C7D1-441B-B74E-C2E511049C7C}.Release|x64.ActiveCfg = Release|x64
		{F942F2D5-C7D1-441B-B74E-C2E511049C7C}.Release|x64.Build.0 = Release|x64
		{F942F2D5-C7D1-441B-B74E-C2E511049C7C}.Release|x86.ActiveCfg = Release|Win32
		{F942F2D5-C7D1-441B-B74E-C2E511049C7C}.Release|x86.Build.0 = Release|Win32
		{5823302C-9D64-481F-9CF1-98913E8456B8}.Debug|Any CPU.ActiveCfg = Debug|Win32
		{5823302C-9D64-481F-9CF1-98913E8456B8}.Debug|x64.ActiveCfg = Debug|x64
		{5823302C-9D64-481F-9CF1-98913E8456B8}.Debug|x64.Build.0 = Debug|x64
		{5823302C-9D64-481F-9CF1-98913E8456B8}.Debug|x86.ActiveCfg = Debug|Win32
		{5823302C-9D64-481F-9CF1-98913E8456B8}.Debug|x86.Build.0 = Debug|Win32
		{5823302C-9D64-481F-9CF1-98913E8456B8}.Release|Any CPU.ActiveCfg = Release|Win32
		{5823302C-9D64-481F-9CF1-98913E8456B8}.Release|x64.ActiveCfg = Release|x64
		{5823302C-9D64-481F-9CF1-98913E8456B8}.Release|x64.Build.0 = Release|x64
		{5823302C-9D64-481F-9CF1-98913E8456B8}.Release|x86.ActiveCfg = Release|Win32
		{5823302C-9D64-481F-9CF1-98913E8456B8}.Release|x86.Build.0 = Release|Win32
	EndGlobalSection
	GlobalSection(SolutionProperties) = preSolution
		HideSolutionNode = FALSE
	EndGlobalSection
	GlobalSection(ExtensibilityGlobals) = postSolution
		SolutionGuid = {64FBEAAB-580C-401B-B672-C66148AB6ABF}
	EndGlobalSection
EndGlobal
